
Microsoft Visual Studio Solution File, Format Version 12.00
# Visual Studio 2012
Project("{FAE04EC0-301F-11D3-BF4B-00C04F79EFBC}") = "iOSAgent", "iOSAgent\iOSAgent.csproj", "{CC88A9B0-C288-4F4B-A181-F89BF6E11D71}"
EndProject
Global
	GlobalSection(SolutionConfigurationPlatforms) = preSolution
		Ad-Hoc|iPhone = Ad-Hoc|iPhone
		Ad-Hoc|iPhoneSimulator = Ad-Hoc|iPhoneSimulator
		AppStore|iPhone = AppStore|iPhone
		AppStore|iPhoneSimulator = AppStore|iPhoneSimulator
		Debug|iPhone = Debug|iPhone
		Debug|iPhoneSimulator = Debug|iPhoneSimulator
		Release|iPhone = Release|iPhone
		Release|iPhoneSimulator = Release|iPhoneSimulator
	EndGlobalSection
	GlobalSection(ProjectConfigurationPlatforms) = postSolution
		{CC88A9B0-C288-4F4B-A181-F89BF6E11D71}.Ad-Hoc|iPhone.ActiveCfg = Ad-Hoc|iPhone
		{CC88A9B0-C288-4F4B-A181-F89BF6E11D71}.Ad-Hoc|iPhone.Build.0 = Ad-Hoc|iPhone
		{CC88A9B0-C288-4F4B-A181-F89BF6E11D71}.Ad-Hoc|iPhoneSimulator.ActiveCfg = Ad-Hoc|iPhoneSimulator
		{CC88A9B0-C288-4F4B-A181-F89BF6E11D71}.Ad-Hoc|iPhoneSimulator.Build.0 = Ad-Hoc|iPhoneSimulator
		{CC88A9B0-C288-4F4B-A181-F89BF6E11D71}.AppStore|iPhone.ActiveCfg = AppStore|iPhone
		{CC88A9B0-C288-4F4B-A181-F89BF6E11D71}.AppStore|iPhone.Build.0 = AppStore|iPhone
		{CC88A9B0-C288-4F4B-A181-F89BF6E11D71}.AppStore|iPhoneSimulator.ActiveCfg = AppStore|iPhoneSimulator
		{CC88A9B0-C288-4F4B-A181-F89BF6E11D71}.AppStore|iPhoneSimulator.Build.0 = AppStore|iPhoneSimulator
		{CC88A9B0-C288-4F4B-A181-F89BF6E11D71}.Debug|iPhone.ActiveCfg = Debug|iPhone
		{CC88A9B0-C288-4F4B-A181-F89BF6E11D71}.Debug|iPhone.Build.0 = Debug|iPhone
		{CC88A9B0-C288-4F4B-A181-F89BF6E11D71}.Debug|iPhoneSimulator.ActiveCfg = Debug|iPhoneSimulator
		{CC88A9B0-C288-4F4B-A181-F89BF6E11D71}.Debug|iPhoneSimulator.Build.0 = Debug|iPhoneSimulator
		{CC88A9B0-C288-4F4B-A181-F89BF6E11D71}.Release|iPhone.ActiveCfg = Release|iPhone
		{CC88A9B0-C288-4F4B-A181-F89BF6E11D71}.Release|iPhone.Build.0 = Release|iPhone
		{CC88A9B0-C288-4F4B-A181-F89BF6E11D71}.Release|iPhoneSimulator.ActiveCfg = Release|iPhoneSimulator
		{CC88A9B0-C288-4F4B-A181-F89BF6E11D71}.Release|iPhoneSimulator.Build.0 = Release|iPhoneSimulator
	EndGlobalSection
	GlobalSection(SolutionProperties) = preSolution
		HideSolutionNode = FALSE
	EndGlobalSection
EndGlobal
